PODS:
  - Alamofire (4.8.2)
  - ForecastIO (6.0.1)

DEPENDENCIES:
  - Alamofire
  - ForecastIO

SPEC REPOS:
  https://github.com/cocoapods/specs.git:
    - Alamofire
    - ForecastIO

SPEC CHECKSUMS:
  Alamofire: ae5c501addb7afdbb13687d7f2f722c78734c2d3
  ForecastIO: 2e3f47e81d0bf8301c632ad56d2ceb0a64083340

PODFILE CHECKSUM: e53aaa10551c0ef5d6bfbca65394f2834eac0892

COCOAPODS: 1.6.1
