// !$*UTF8*$!
{
	archiveVersion = 1;
	classes = {
	};
	objectVersion = 50;
	objects = {

/* Begin PBXBuildFile section */
		4D0CE5EC2295222F0002B533 /* AppDelegate.swift in Sources */ = {isa = PBXBuildFile; fileRef = 4D0CE5EB2295222F0002B533 /* AppDelegate.swift */; };
		4D0CE5EE2295222F0002B533 /* MapViewController.swift in Sources */ = {isa = PBXBuildFile; fileRef = 4D0CE5ED2295222F0002B533 /* MapViewController.swift */; };
		4D0CE5F12295222F0002B533 /* Main.storyboard in Resources */ = {isa = PBXBuildFile; fileRef = 4D0CE5EF2295222F0002B533 /* Main.storyboard */; };
		4D0CE5F3229522300002B533 /* Assets.xcassets in Resources */ = {isa = PBXBuildFile; fileRef = 4D0CE5F2229522300002B533 /* Assets.xcassets */; };
		4D0CE5F6229522300002B533 /* LaunchScreen.storyboard in Resources */ = {isa = PBXBuildFile; fileRef = 4D0CE5F4229522300002B533 /* LaunchScreen.storyboard */; };
		4D0CE601229522300002B533 /* WeatherAppTests.swift in Sources */ = {isa = PBXBuildFile; fileRef = 4D0CE600229522300002B533 /* WeatherAppTests.swift */; };
		4D0CE60C229522300002B533 /* WeatherAppUITests.swift in Sources */ = {isa = PBXBuildFile; fileRef = 4D0CE60B229522300002B533 /* WeatherAppUITests.swift */; };
		4D0CE61E2295232A0002B533 /* CitiesData.swift in Sources */ = {isa = PBXBuildFile; fileRef = 4D0CE61D2295232A0002B533 /* CitiesData.swift */; };
		4D0CE6202295254C0002B533 /* City.swift in Sources */ = {isa = PBXBuildFile; fileRef = 4D0CE61F2295254C0002B533 /* City.swift */; };
		4D0CE62222952DAF0002B533 /* DetailsViewController.swift in Sources */ = {isa = PBXBuildFile; fileRef = 4D0CE62122952DAF0002B533 /* DetailsViewController.swift */; };
		4D0CE624229539070002B533 /* RequestManager.swift in Sources */ = {isa = PBXBuildFile; fileRef = 4D0CE623229539070002B533 /* RequestManager.swift */; };
		4D0CE62622953BE50002B533 /* Weather.swift in Sources */ = {isa = PBXBuildFile; fileRef = 4D0CE62522953BE50002B533 /* Weather.swift */; };
		4D0CE62C229548820002B533 /* HeaderCell.swift in Sources */ = {isa = PBXBuildFile; fileRef = 4D0CE62A229548820002B533 /* HeaderCell.swift */; };
		4D0CE62D229548820002B533 /* HeaderCell.xib in Resources */ = {isa = PBXBuildFile; fileRef = 4D0CE62B229548820002B533 /* HeaderCell.xib */; };
		4D0CE63222954BA90002B533 /* SummaryCell.swift in Sources */ = {isa = PBXBuildFile; fileRef = 4D0CE63022954BA90002B533 /* SummaryCell.swift */; };
		4D0CE63322954BA90002B533 /* SummaryCell.xib in Resources */ = {isa = PBXBuildFile; fileRef = 4D0CE63122954BA90002B533 /* SummaryCell.xib */; };
		4D0CE63622954C750002B533 /* HourlyCell.swift in Sources */ = {isa = PBXBuildFile; fileRef = 4D0CE63422954C750002B533 /* HourlyCell.swift */; };
		4D0CE63722954C750002B533 /* HourlyCell.xib in Resources */ = {isa = PBXBuildFile; fileRef = 4D0CE63522954C750002B533 /* HourlyCell.xib */; };
		4D0CE64422954CFE0002B533 /* icons8-menu-50.png in Resources */ = {isa = PBXBuildFile; fileRef = 4D0CE63922954CFD0002B533 /* icons8-menu-50.png */; };
		4D0CE64522954CFE0002B533 /* partly-cloudy-day.png in Resources */ = {isa = PBXBuildFile; fileRef = 4D0CE63A22954CFD0002B533 /* partly-cloudy-day.png */; };
		4D0CE64622954CFE0002B533 /* clear-day.png in Resources */ = {isa = PBXBuildFile; fileRef = 4D0CE63B22954CFD0002B533 /* clear-day.png */; };
		4D0CE64722954CFE0002B533 /* cloudy.png in Resources */ = {isa = PBXBuildFile; fileRef = 4D0CE63C22954CFD0002B533 /* cloudy.png */; };
		4D0CE64822954CFE0002B533 /* partly-cloudy-night.png in Resources */ = {isa = PBXBuildFile; fileRef = 4D0CE63D22954CFD0002B533 /* partly-cloudy-night.png */; };
		4D0CE64922954CFE0002B533 /* wind.png in Resources */ = {isa = PBXBuildFile; fileRef = 4D0CE63E22954CFD0002B533 /* wind.png */; };
		4D0CE64A22954CFE0002B533 /* snow.png in Resources */ = {isa = PBXBuildFile; fileRef = 4D0CE63F22954CFE0002B533 /* snow.png */; };
		4D0CE64B22954CFE0002B533 /* clear-night.png in Resources */ = {isa = PBXBuildFile; fileRef = 4D0CE64022954CFE0002B533 /* clear-night.png */; };
		4D0CE64C22954CFE0002B533 /* sleet.png in Resources */ = {isa = PBXBuildFile; fileRef = 4D0CE64122954CFE0002B533 /* sleet.png */; };
		4D0CE64D22954CFE0002B533 /* fog.png in Resources */ = {isa = PBXBuildFile; fileRef = 4D0CE64222954CFE0002B533 /* fog.png */; };
		4D0CE64E22954CFE0002B533 /* rain.png in Resources */ = {isa = PBXBuildFile; fileRef = 4D0CE64322954CFE0002B533 /* rain.png */; };
		4D0CE6512295506E0002B533 /* DailyCell.swift in Sources */ = {isa = PBXBuildFile; fileRef = 4D0CE64F2295506E0002B533 /* DailyCell.swift */; };
		4D0CE6522295506E0002B533 /* DailyCell.xib in Resources */ = {isa = PBXBuildFile; fileRef = 4D0CE6502295506E0002B533 /* DailyCell.xib */; };
		89B9C09B0EFDE1A2FCBC6F86 /* Pods_WeatherAppTests.framework in Frameworks */ = {isa = PBXBuildFile; fileRef = 2B1A0C20081C9A0CC3C50525 /* Pods_WeatherAppTests.framework */; };
		E23E23785131C9284C6762DA /* Pods_WeatherApp.framework in Frameworks */ = {isa = PBXBuildFile; fileRef = A38ACFB7560D107D104B7270 /* Pods_WeatherApp.framework */; };
		EF7B5EB0589276ACF080D542 /* Pods_WeatherAppUITests.framework in Frameworks */ = {isa = PBXBuildFile; fileRef = D383464C0E57E8C1FDE9A0C7 /* Pods_WeatherAppUITests.framework */; };
/* End PBXBuildFile section */

/* Begin PBXContainerItemProxy section */
		4D0CE5FD229522300002B533 /* PBXContainerItemProxy */ = {
			isa = PBXContainerItemProxy;
			containerPortal = 4D0CE5E02295222F0002B533 /* Project object */;
			proxyType = 1;
			remoteGlobalIDString = 4D0CE5E72295222F0002B533;
			remoteInfo = WeatherApp;
		};
		4D0CE608229522300002B533 /* PBXContainerItemProxy */ = {
			isa = PBXContainerItemProxy;
			containerPortal = 4D0CE5E02295222F0002B533 /* Project object */;
			proxyType = 1;
			remoteGlobalIDString = 4D0CE5E72295222F0002B533;
			remoteInfo = WeatherApp;
		};
/* End PBXContainerItemProxy section */

/* Begin PBXFileReference section */
		1C3F478C984E307A820DDDB0 /* Pods-WeatherAppUITests.release.xcconfig */ = {isa = PBXFileReference; includeInIndex = 1; lastKnownFileType = text.xcconfig; name = "Pods-WeatherAppUITests.release.xcconfig"; path = "Target Support Files/Pods-WeatherAppUITests/Pods-WeatherAppUITests.release.xcconfig"; sourceTree = "<group>"; };
		2B1A0C20081C9A0CC3C50525 /* Pods_WeatherAppTests.framework */ = {isa = PBXFileReference; explicitFileType = wrapper.framework; includeInIndex = 0; path = Pods_WeatherAppTests.framework; sourceTree = BUILT_PRODUCTS_DIR; };
		4D0CE5E82295222F0002B533 /* WeatherApp.app */ = {isa = PBXFileReference; explicitFileType = wrapper.application; includeInIndex = 0; path = WeatherApp.app; sourceTree = BUILT_PRODUCTS_DIR; };
		4D0CE5EB2295222F0002B533 /* AppDelegate.swift */ = {isa = PBXFileReference; lastKnownFileType = sourcecode.swift; path = AppDelegate.swift; sourceTree = "<group>"; };
		4D0CE5ED2295222F0002B533 /* MapViewController.swift */ = {isa = PBXFileReference; lastKnownFileType = sourcecode.swift; path = MapViewController.swift; sourceTree = "<group>"; };
		4D0CE5F02295222F0002B533 /* Base */ = {isa = PBXFileReference; lastKnownFileType = file.storyboard; name = Base; path = Base.lproj/Main.storyboard; sourceTree = "<group>"; };
		4D0CE5F2229522300002B533 /* Assets.xcassets */ = {isa = PBXFileReference; lastKnownFileType = folder.assetcatalog; path = Assets.xcassets; sourceTree = "<group>"; };
		4D0CE5F5229522300002B533 /* Base */ = {isa = PBXFileReference; lastKnownFileType = file.storyboard; name = Base; path = Base.lproj/LaunchScreen.storyboard; sourceTree = "<group>"; };
		4D0CE5F7229522300002B533 /* Info.plist */ = {isa = PBXFileReference; lastKnownFileType = text.plist.xml; path = Info.plist; sourceTree = "<group>"; };
		4D0CE5FC229522300002B533 /* WeatherAppTests.xctest */ = {isa = PBXFileReference; explicitFileType = wrapper.cfbundle; includeInIndex = 0; path = WeatherAppTests.xctest; sourceTree = BUILT_PRODUCTS_DIR; };
		4D0CE600229522300002B533 /* WeatherAppTests.swift */ = {isa = PBXFileReference; lastKnownFileType = sourcecode.swift; path = WeatherAppTests.swift; sourceTree = "<group>"; };
		4D0CE602229522300002B533 /* Info.plist */ = {isa = PBXFileReference; lastKnownFileType = text.plist.xml; path = Info.plist; sourceTree = "<group>"; };
		4D0CE607229522300002B533 /* WeatherAppUITests.xctest */ = {isa = PBXFileReference; explicitFileType = wrapper.cfbundle; includeInIndex = 0; path = WeatherAppUITests.xctest; sourceTree = BUILT_PRODUCTS_DIR; };
		4D0CE60B229522300002B533 /* WeatherAppUITests.swift */ = {isa = PBXFileReference; lastKnownFileType = sourcecode.swift; path = WeatherAppUITests.swift; sourceTree = "<group>"; };
		4D0CE60D229522300002B533 /* Info.plist */ = {isa = PBXFileReference; lastKnownFileType = text.plist.xml; path = Info.plist; sourceTree = "<group>"; };
		4D0CE61D2295232A0002B533 /* CitiesData.swift */ = {isa = PBXFileReference; lastKnownFileType = sourcecode.swift; path = CitiesData.swift; sourceTree = "<group>"; };
		4D0CE61F2295254C0002B533 /* City.swift */ = {isa = PBXFileReference; lastKnownFileType = sourcecode.swift; path = City.swift; sourceTree = "<group>"; };
		4D0CE62122952DAF0002B533 /* DetailsViewController.swift */ = {isa = PBXFileReference; lastKnownFileType = sourcecode.swift; path = DetailsViewController.swift; sourceTree = "<group>"; };
		4D0CE623229539070002B533 /* RequestManager.swift */ = {isa = PBXFileReference; lastKnownFileType = sourcecode.swift; path = RequestManager.swift; sourceTree = "<group>"; };
		4D0CE62522953BE50002B533 /* Weather.swift */ = {isa = PBXFileReference; lastKnownFileType = sourcecode.swift; path = Weather.swift; sourceTree = "<group>"; };
		4D0CE62A229548820002B533 /* HeaderCell.swift */ = {isa = PBXFileReference; lastKnownFileType = sourcecode.swift; path = HeaderCell.swift; sourceTree = "<group>"; };
		4D0CE62B229548820002B533 /* HeaderCell.xib */ = {isa = PBXFileReference; lastKnownFileType = file.xib; path = HeaderCell.xib; sourceTree = "<group>"; };
		4D0CE63022954BA90002B533 /* SummaryCell.swift */ = {isa = PBXFileReference; lastKnownFileType = sourcecode.swift; path = SummaryCell.swift; sourceTree = "<group>"; };
		4D0CE63122954BA90002B533 /* SummaryCell.xib */ = {isa = PBXFileReference; lastKnownFileType = file.xib; path = SummaryCell.xib; sourceTree = "<group>"; };
		4D0CE63422954C750002B533 /* HourlyCell.swift */ = {isa = PBXFileReference; lastKnownFileType = sourcecode.swift; path = HourlyCell.swift; sourceTree = "<group>"; };
		4D0CE63522954C750002B533 /* HourlyCell.xib */ = {isa = PBXFileReference; lastKnownFileType = file.xib; path = HourlyCell.xib; sourceTree = "<group>"; };
		4D0CE63922954CFD0002B533 /* icons8-menu-50.png */ = {isa = PBXFileReference; lastKnownFileType = image.png; path = "icons8-menu-50.png"; sourceTree = "<group>"; };
		4D0CE63A22954CFD0002B533 /* partly-cloudy-day.png */ = {isa = PBXFileReference; lastKnownFileType = image.png; path = "partly-cloudy-day.png"; sourceTree = "<group>"; };
		4D0CE63B22954CFD0002B533 /* clear-day.png */ = {isa = PBXFileReference; lastKnownFileType = image.png; path = "clear-day.png"; sourceTree = "<group>"; };
		4D0CE63C22954CFD0002B533 /* cloudy.png */ = {isa = PBXFileReference; lastKnownFileType = image.png; path = cloudy.png; sourceTree = "<group>"; };
		4D0CE63D22954CFD0002B533 /* partly-cloudy-night.png */ = {isa = PBXFileReference; lastKnownFileType = image.png; path = "partly-cloudy-night.png"; sourceTree = "<group>"; };
		4D0CE63E22954CFD0002B533 /* wind.png */ = {isa = PBXFileReference; lastKnownFileType = image.png; path = wind.png; sourceTree = "<group>"; };
		4D0CE63F22954CFE0002B533 /* snow.png */ = {isa = PBXFileReference; lastKnownFileType = image.png; path = snow.png; sourceTree = "<group>"; };
		4D0CE64022954CFE0002B533 /* clear-night.png */ = {isa = PBXFileReference; lastKnownFileType = image.png; path = "clear-night.png"; sourceTree = "<group>"; };
		4D0CE64122954CFE0002B533 /* sleet.png */ = {isa = PBXFileReference; lastKnownFileType = image.png; path = sleet.png; sourceTree = "<group>"; };
		4D0CE64222954CFE0002B533 /* fog.png */ = {isa = PBXFileReference; lastKnownFileType = image.png; path = fog.png; sourceTree = "<group>"; };
		4D0CE64322954CFE0002B533 /* rain.png */ = {isa = PBXFileReference; lastKnownFileType = image.png; path = rain.png; sourceTree = "<group>"; };
		4D0CE64F2295506E0002B533 /* DailyCell.swift */ = {isa = PBXFileReference; lastKnownFileType = sourcecode.swift; path = DailyCell.swift; sourceTree = "<group>"; };
		4D0CE6502295506E0002B533 /* DailyCell.xib */ = {isa = PBXFileReference; lastKnownFileType = file.xib; path = DailyCell.xib; sourceTree = "<group>"; };
		8E6DA0726925E3E17C6BC8BF /* Pods-WeatherAppUITests.debug.xcconfig */ = {isa = PBXFileReference; includeInIndex = 1; lastKnownFileType = text.xcconfig; name = "Pods-WeatherAppUITests.debug.xcconfig"; path = "Target Support Files/Pods-WeatherAppUITests/Pods-WeatherAppUITests.debug.xcconfig"; sourceTree = "<group>"; };
		A38ACFB7560D107D104B7270 /* Pods_WeatherApp.framework */ = {isa = PBXFileReference; explicitFileType = wrapper.framework; includeInIndex = 0; path = Pods_WeatherApp.framework; sourceTree = BUILT_PRODUCTS_DIR; };
		A914A066204C99B2BC9EBCB5 /* Pods-WeatherAppTests.debug.xcconfig */ = {isa = PBXFileReference; includeInIndex = 1; lastKnownFileType = text.xcconfig; name = "Pods-WeatherAppTests.debug.xcconfig"; path = "Target Support Files/Pods-WeatherAppTests/Pods-WeatherAppTests.debug.xcconfig"; sourceTree = "<group>"; };
		AC9E2FBC2C7FA0FF7BD59900 /* Pods-WeatherApp.release.xcconfig */ = {isa = PBXFileReference; includeInIndex = 1; lastKnownFileType = text.xcconfig; name = "Pods-WeatherApp.release.xcconfig"; path = "Target Support Files/Pods-WeatherApp/Pods-WeatherApp.release.xcconfig"; sourceTree = "<group>"; };
		BA327512150465F843A5519D /* Pods-WeatherApp.debug.xcconfig */ = {isa = PBXFileReference; includeInIndex = 1; lastKnownFileType = text.xcconfig; name = "Pods-WeatherApp.debug.xcconfig"; path = "Target Support Files/Pods-WeatherApp/Pods-WeatherApp.debug.xcconfig"; sourceTree = "<group>"; };
		C8A60AB019F600C8A83EF2FE /* Pods-WeatherAppTests.release.xcconfig */ = {isa = PBXFileReference; includeInIndex = 1; lastKnownFileType = text.xcconfig; name = "Pods-WeatherAppTests.release.xcconfig"; path = "Target Support Files/Pods-WeatherAppTests/Pods-WeatherAppTests.release.xcconfig"; sourceTree = "<group>"; };
		D383464C0E57E8C1FDE9A0C7 /* Pods_WeatherAppUITests.framework */ = {isa = PBXFileReference; explicitFileType = wrapper.framework; includeInIndex = 0; path = Pods_WeatherAppUITests.framework; sourceTree = BUILT_PRODUCTS_DIR; };
/* End PBXFileReference section */

/* Begin PBXFrameworksBuildPhase section */
		4D0CE5E52295222F0002B533 /* Frameworks */ = {
			isa = PBXFrameworksBuildPhase;
			buildActionMask = 2147483647;
			files = (
				E23E23785131C9284C6762DA /* Pods_WeatherApp.framework in Frameworks */,
			);
			runOnlyForDeploymentPostprocessing = 0;
		};
		4D0CE5F9229522300002B533 /* Frameworks */ = {
			isa = PBXFrameworksBuildPhase;
			buildActionMask = 2147483647;
			files = (
				89B9C09B0EFDE1A2FCBC6F86 /* Pods_WeatherAppTests.framework in Frameworks */,
			);
			runOnlyForDeploymentPostprocessing = 0;
		};
		4D0CE604229522300002B533 /* Frameworks */ = {
			isa = PBXFrameworksBuildPhase;
			buildActionMask = 2147483647;
			files = (
				EF7B5EB0589276ACF080D542 /* Pods_WeatherAppUITests.framework in Frameworks */,
			);
			runOnlyForDeploymentPostprocessing = 0;
		};
/* End PBXFrameworksBuildPhase section */

/* Begin PBXGroup section */
		4D0CE5DF2295222F0002B533 = {
			isa = PBXGroup;
			children = (
				4D0CE5EA2295222F0002B533 /* WeatherApp */,
				4D0CE5FF229522300002B533 /* WeatherAppTests */,
				4D0CE60A229522300002B533 /* WeatherAppUITests */,
				4D0CE5E92295222F0002B533 /* Products */,
				4F5B5696E159F667FDA45260 /* Pods */,
				D50FA49CCA8A150C7AD5B938 /* Frameworks */,
			);
			sourceTree = "<group>";
		};
		4D0CE5E92295222F0002B533 /* Products */ = {
			isa = PBXGroup;
			children = (
				4D0CE5E82295222F0002B533 /* WeatherApp.app */,
				4D0CE5FC229522300002B533 /* WeatherAppTests.xctest */,
				4D0CE607229522300002B533 /* WeatherAppUITests.xctest */,
			);
			name = Products;
			sourceTree = "<group>";
		};
		4D0CE5EA2295222F0002B533 /* WeatherApp */ = {
			isa = PBXGroup;
			children = (
				4D0CE63822954CEC0002B533 /* Icon */,
				4D0CE629229546D60002B533 /* Cell */,
				4D0CE61A229522EB0002B533 /* Model */,
				4D0CE619229522E20002B533 /* Controller */,
				4D0CE5EB2295222F0002B533 /* AppDelegate.swift */,
				4D0CE5EF2295222F0002B533 /* Main.storyboard */,
				4D0CE5F2229522300002B533 /* Assets.xcassets */,
				4D0CE5F4229522300002B533 /* LaunchScreen.storyboard */,
				4D0CE5F7229522300002B533 /* Info.plist */,
			);
			path = WeatherApp;
			sourceTree = "<group>";
		};
		4D0CE5FF229522300002B533 /* WeatherAppTests */ = {
			isa = PBXGroup;
			children = (
				4D0CE600229522300002B533 /* WeatherAppTests.swift */,
				4D0CE602229522300002B533 /* Info.plist */,
			);
			path = WeatherAppTests;
			sourceTree = "<group>";
		};
		4D0CE60A229522300002B533 /* WeatherAppUITests */ = {
			isa = PBXGroup;
			children = (
				4D0CE60B229522300002B533 /* WeatherAppUITests.swift */,
				4D0CE60D229522300002B533 /* Info.plist */,
			);
			path = WeatherAppUITests;
			sourceTree = "<group>";
		};
		4D0CE619229522E20002B533 /* Controller */ = {
			isa = PBXGroup;
			children = (
				4D0CE5ED2295222F0002B533 /* MapViewController.swift */,
				4D0CE62122952DAF0002B533 /* DetailsViewController.swift */,
			);
			name = Controller;
			sourceTree = "<group>";
		};
		4D0CE61A229522EB0002B533 /* Model */ = {
			isa = PBXGroup;
			children = (
				4D0CE61D2295232A0002B533 /* CitiesData.swift */,
				4D0CE61F2295254C0002B533 /* City.swift */,
				4D0CE623229539070002B533 /* RequestManager.swift */,
				4D0CE62522953BE50002B533 /* Weather.swift */,
			);
			path = Model;
			sourceTree = "<group>";
		};
		4D0CE629229546D60002B533 /* Cell */ = {
			isa = PBXGroup;
			children = (
				4D0CE62A229548820002B533 /* HeaderCell.swift */,
				4D0CE62B229548820002B533 /* HeaderCell.xib */,
				4D0CE63022954BA90002B533 /* SummaryCell.swift */,
				4D0CE63122954BA90002B533 /* SummaryCell.xib */,
				4D0CE63422954C750002B533 /* HourlyCell.swift */,
				4D0CE63522954C750002B533 /* HourlyCell.xib */,
				4D0CE64F2295506E0002B533 /* DailyCell.swift */,
				4D0CE6502295506E0002B533 /* DailyCell.xib */,
			);
			name = Cell;
			sourceTree = "<group>";
		};
		4D0CE63822954CEC0002B533 /* Icon */ = {
			isa = PBXGroup;
			children = (
				4D0CE64222954CFE0002B533 /* fog.png */,
				4D0CE63B22954CFD0002B533 /* clear-day.png */,
				4D0CE64022954CFE0002B533 /* clear-night.png */,
				4D0CE63C22954CFD0002B533 /* cloudy.png */,
				4D0CE63922954CFD0002B533 /* icons8-menu-50.png */,
				4D0CE63A22954CFD0002B533 /* partly-cloudy-day.png */,
				4D0CE63D22954CFD0002B533 /* partly-cloudy-night.png */,
				4D0CE64322954CFE0002B533 /* rain.png */,
				4D0CE64122954CFE0002B533 /* sleet.png */,
				4D0CE63F22954CFE0002B533 /* snow.png */,
				4D0CE63E22954CFD0002B533 /* wind.png */,
			);
			path = Icon;
			sourceTree = "<group>";
		};
		4F5B5696E159F667FDA45260 /* Pods */ = {
			isa = PBXGroup;
			children = (
				BA327512150465F843A5519D /* Pods-WeatherApp.debug.xcconfig */,
				AC9E2FBC2C7FA0FF7BD59900 /* Pods-WeatherApp.release.xcconfig */,
				A914A066204C99B2BC9EBCB5 /* Pods-WeatherAppTests.debug.xcconfig */,
				C8A60AB019F600C8A83EF2FE /* Pods-WeatherAppTests.release.xcconfig */,
				8E6DA0726925E3E17C6BC8BF /* Pods-WeatherAppUITests.debug.xcconfig */,
				1C3F478C984E307A820DDDB0 /* Pods-WeatherAppUITests.release.xcconfig */,
			);
			path = Pods;
			sourceTree = "<group>";
		};
		D50FA49CCA8A150C7AD5B938 /* Frameworks */ = {
			isa = PBXGroup;
			children = (
				A38ACFB7560D107D104B7270 /* Pods_WeatherApp.framework */,
				2B1A0C20081C9A0CC3C50525 /* Pods_WeatherAppTests.framework */,
				D383464C0E57E8C1FDE9A0C7 /* Pods_WeatherAppUITests.framework */,
			);
			name = Frameworks;
			sourceTree = "<group>";
		};
/* End PBXGroup section */

/* Begin PBXNativeTarget section */
		4D0CE5E72295222F0002B533 /* WeatherApp */ = {
			isa = PBXNativeTarget;
			buildConfigurationList = 4D0CE610229522300002B533 /* Build configuration list for PBXNativeTarget "WeatherApp" */;
			buildPhases = (
				54A1E5E76E52E78887678717 /* [CP] Check Pods Manifest.lock */,
				4D0CE5E42295222F0002B533 /* Sources */,
				4D0CE5E52295222F0002B533 /* Frameworks */,
				4D0CE5E62295222F0002B533 /* Resources */,
				A48DF2756FCF1C86D0483E1E /* [CP] Embed Pods Frameworks */,
			);
			buildRules = (
			);
			dependencies = (
			);
			name = WeatherApp;
			productName = WeatherApp;
			productReference = 4D0CE5E82295222F0002B533 /* WeatherApp.app */;
			productType = "com.apple.product-type.application";
		};
		4D0CE5FB229522300002B533 /* WeatherAppTests */ = {
			isa = PBXNativeTarget;
			buildConfigurationList = 4D0CE613229522300002B533 /* Build configuration list for PBXNativeTarget "WeatherAppTests" */;
			buildPhases = (
				7EC378104CE5336C461B74A0 /* [CP] Check Pods Manifest.lock */,
				4D0CE5F8229522300002B533 /* Sources */,
				4D0CE5F9229522300002B533 /* Frameworks */,
				4D0CE5FA229522300002B533 /* Resources */,
			);
			buildRules = (
			);
			dependencies = (
				4D0CE5FE229522300002B533 /* PBXTargetDependency */,
			);
			name = WeatherAppTests;
			productName = WeatherAppTests;
			productReference = 4D0CE5FC229522300002B533 /* WeatherAppTests.xctest */;
			productType = "com.apple.product-type.bundle.unit-test";
		};
		4D0CE606229522300002B533 /* WeatherAppUITests */ = {
			isa = PBXNativeTarget;
			buildConfigurationList = 4D0CE616229522300002B533 /* Build configuration list for PBXNativeTarget "WeatherAppUITests" */;
			buildPhases = (
				B06D87E1A6EBC8E54F66A0A2 /* [CP] Check Pods Manifest.lock */,
				4D0CE603229522300002B533 /* Sources */,
				4D0CE604229522300002B533 /* Frameworks */,
				4D0CE605229522300002B533 /* Resources */,
			);
			buildRules = (
			);
			dependencies = (
				4D0CE609229522300002B533 /* PBXTargetDependency */,
			);
			name = WeatherAppUITests;
			productName = WeatherAppUITests;
			productReference = 4D0CE607229522300002B533 /* WeatherAppUITests.xctest */;
			productType = "com.apple.product-type.bundle.ui-testing";
		};
/* End PBXNativeTarget section */

/* Begin PBXProject section */
		4D0CE5E02295222F0002B533 /* Project object */ = {
			isa = PBXProject;
			attributes = {
				LastSwiftUpdateCheck = 1010;
				LastUpgradeCheck = 1010;
				ORGANIZATIONNAME = "Andrea SERRANO";
				TargetAttributes = {
					4D0CE5E72295222F0002B533 = {
						CreatedOnToolsVersion = 10.1;
					};
					4D0CE5FB229522300002B533 = {
						CreatedOnToolsVersion = 10.1;
						TestTargetID = 4D0CE5E72295222F0002B533;
					};
					4D0CE606229522300002B533 = {
						CreatedOnToolsVersion = 10.1;
						TestTargetID = 4D0CE5E72295222F0002B533;
					};
				};
			};
			buildConfigurationList = 4D0CE5E32295222F0002B533 /* Build configuration list for PBXProject "WeatherApp" */;
			compatibilityVersion = "Xcode 9.3";
			developmentRegion = en;
			hasScannedForEncodings = 0;
			knownRegions = (
				en,
				Base,
			);
			mainGroup = 4D0CE5DF2295222F0002B533;
			productRefGroup = 4D0CE5E92295222F0002B533 /* Products */;
			projectDirPath = "";
			projectRoot = "";
			targets = (
				4D0CE5E72295222F0002B533 /* WeatherApp */,
				4D0CE5FB229522300002B533 /* WeatherAppTests */,
				4D0CE606229522300002B533 /* WeatherAppUITests */,
			);
		};
/* End PBXProject section */

/* Begin PBXResourcesBuildPhase section */
		4D0CE5E62295222F0002B533 /* Resources */ = {
			isa = PBXResourcesBuildPhase;
			buildActionMask = 2147483647;
			files = (
				4D0CE62D229548820002B533 /* HeaderCell.xib in Resources */,
				4D0CE64422954CFE0002B533 /* icons8-menu-50.png in Resources */,
				4D0CE64B22954CFE0002B533 /* clear-night.png in Resources */,
				4D0CE5F6229522300002B533 /* LaunchScreen.storyboard in Resources */,
				4D0CE64722954CFE0002B533 /* cloudy.png in Resources */,
				4D0CE5F3229522300002B533 /* Assets.xcassets in Resources */,
				4D0CE64D22954CFE0002B533 /* fog.png in Resources */,
				4D0CE64922954CFE0002B533 /* wind.png in Resources */,
				4D0CE64E22954CFE0002B533 /* rain.png in Resources */,
				4D0CE6522295506E0002B533 /* DailyCell.xib in Resources */,
				4D0CE64C22954CFE0002B533 /* sleet.png in Resources */,
				4D0CE64522954CFE0002B533 /* partly-cloudy-day.png in Resources */,
				4D0CE5F12295222F0002B533 /* Main.storyboard in Resources */,
				4D0CE64622954CFE0002B533 /* clear-day.png in Resources */,
				4D0CE64A22954CFE0002B533 /* snow.png in Resources */,
				4D0CE63722954C750002B533 /* HourlyCell.xib in Resources */,
				4D0CE64822954CFE0002B533 /* partly-cloudy-night.png in Resources */,
				4D0CE63322954BA90002B533 /* SummaryCell.xib in Resources */,
			);
			runOnlyForDeploymentPostprocessing = 0;
		};
		4D0CE5FA229522300002B533 /* Resources */ = {
			isa = PBXResourcesBuildPhase;
			buildActionMask = 2147483647;
			files = (
			);
			runOnlyForDeploymentPostprocessing = 0;
		};
		4D0CE605229522300002B533 /* Resources */ = {
			isa = PBXResourcesBuildPhase;
			buildActionMask = 2147483647;
			files = (
			);
			runOnlyForDeploymentPostprocessing = 0;
		};
/* End PBXResourcesBuildPhase section */

/* Begin PBXShellScriptBuildPhase section */
		54A1E5E76E52E78887678717 /* [CP] Check Pods Manifest.lock */ = {
			isa = PBXShellScriptBuildPhase;
			buildActionMask = 2147483647;
			files = (
			);
			inputFileListPaths = (
			);
			inputPaths = (
				"${PODS_PODFILE_DIR_PATH}/Podfile.lock",
				"${PODS_ROOT}/Manifest.lock",
			);
			name = "[CP] Check Pods Manifest.lock";
			outputFileListPaths = (
			);
			outputPaths = (
				"$(DERIVED_FILE_DIR)/Pods-WeatherApp-checkManifestLockResult.txt",
			);
			runOnlyForDeploymentPostprocessing = 0;
			shellPath = /bin/sh;
			shellScript = "diff \"${PODS_PODFILE_DIR_PATH}/Podfile.lock\" \"${PODS_ROOT}/Manifest.lock\" > /dev/null\nif [ $? != 0 ] ; then\n    # print error to STDERR\n    echo \"error: The sandbox is not in sync with the Podfile.lock. Run 'pod install' or update your CocoaPods installation.\" >&2\n    exit 1\nfi\n# This output is used by Xcode 'outputs' to avoid re-running this script phase.\necho \"SUCCESS\" > \"${SCRIPT_OUTPUT_FILE_0}\"\n";
			showEnvVarsInLog = 0;
		};
		7EC378104CE5336C461B74A0 /* [CP] Check Pods Manifest.lock */ = {
			isa = PBXShellScriptBuildPhase;
			buildActionMask = 2147483647;
			files = (
			);
			inputFileListPaths = (
			);
			inputPaths = (
				"${PODS_PODFILE_DIR_PATH}/Podfile.lock",
				"${PODS_ROOT}/Manifest.lock",
			);
			name = "[CP] Check Pods Manifest.lock";
			outputFileListPaths = (
			);
			outputPaths = (
				"$(DERIVED_FILE_DIR)/Pods-WeatherAppTests-checkManifestLockResult.txt",
			);
			runOnlyForDeploymentPostprocessing = 0;
			shellPath = /bin/sh;
			shellScript = "diff \"${PODS_PODFILE_DIR_PATH}/Podfile.lock\" \"${PODS_ROOT}/Manifest.lock\" > /dev/null\nif [ $? != 0 ] ; then\n    # print error to STDERR\n    echo \"error: The sandbox is not in sync with the Podfile.lock. Run 'pod install' or update your CocoaPods installation.\" >&2\n    exit 1\nfi\n# This output is used by Xcode 'outputs' to avoid re-running this script phase.\necho \"SUCCESS\" > \"${SCRIPT_OUTPUT_FILE_0}\"\n";
			showEnvVarsInLog = 0;
		};
		A48DF2756FCF1C86D0483E1E /* [CP] Embed Pods Frameworks */ = {
			isa = PBXShellScriptBuildPhase;
			buildActionMask = 2147483647;
			files = (
			);
			inputFileListPaths = (
			);
			inputPaths = (
				"${PODS_ROOT}/Target Support Files/Pods-WeatherApp/Pods-WeatherApp-frameworks.sh",
				"${BUILT_PRODUCTS_DIR}/Alamofire/Alamofire.framework",
				"${BUILT_PRODUCTS_DIR}/ForecastIO/ForecastIO.framework",
			);
			name = "[CP] Embed Pods Frameworks";
			outputFileListPaths = (
			);
			outputPaths = (
				"${TARGET_BUILD_DIR}/${FRAMEWORKS_FOLDER_PATH}/Alamofire.framework",
				"${TARGET_BUILD_DIR}/${FRAMEWORKS_FOLDER_PATH}/ForecastIO.framework",
			);
			runOnlyForDeploymentPostprocessing = 0;
			shellPath = /bin/sh;
			shellScript = "\"${PODS_ROOT}/Target Support Files/Pods-WeatherApp/Pods-WeatherApp-frameworks.sh\"\n";
			showEnvVarsInLog = 0;
		};
		B06D87E1A6EBC8E54F66A0A2 /* [CP] Check Pods Manifest.lock */ = {
			isa = PBXShellScriptBuildPhase;
			buildActionMask = 2147483647;
			files = (
			);
			inputFileListPaths = (
			);
			inputPaths = (
				"${PODS_PODFILE_DIR_PATH}/Podfile.lock",
				"${PODS_ROOT}/Manifest.lock",
			);
			name = "[CP] Check Pods Manifest.lock";
			outputFileListPaths = (
			);
			outputPaths = (
				"$(DERIVED_FILE_DIR)/Pods-WeatherAppUITests-checkManifestLockResult.txt",
			);
			runOnlyForDeploymentPostprocessing = 0;
			shellPath = /bin/sh;
			shellScript = "diff \"${PODS_PODFILE_DIR_PATH}/Podfile.lock\" \"${PODS_ROOT}/Manifest.lock\" > /dev/null\nif [ $? != 0 ] ; then\n    # print error to STDERR\n    echo \"error: The sandbox is not in sync with the Podfile.lock. Run 'pod install' or update your CocoaPods installation.\" >&2\n    exit 1\nfi\n# This output is used by Xcode 'outputs' to avoid re-running this script phase.\necho \"SUCCESS\" > \"${SCRIPT_OUTPUT_FILE_0}\"\n";
			showEnvVarsInLog = 0;
		};
/* End PBXShellScriptBuildPhase section */

/* Begin PBXSourcesBuildPhase section */
		4D0CE5E42295222F0002B533 /* Sources */ = {
			isa = PBXSourcesBuildPhase;
			buildActionMask = 2147483647;
			files = (
				4D0CE5EE2295222F0002B533 /* MapViewController.swift in Sources */,
				4D0CE5EC2295222F0002B533 /* AppDelegate.swift in Sources */,
				4D0CE6202295254C0002B533 /* City.swift in Sources */,
				4D0CE624229539070002B533 /* RequestManager.swift in Sources */,
				4D0CE63222954BA90002B533 /* SummaryCell.swift in Sources */,
				4D0CE62C229548820002B533 /* HeaderCell.swift in Sources */,
				4D0CE6512295506E0002B533 /* DailyCell.swift in Sources */,
				4D0CE63622954C750002B533 /* HourlyCell.swift in Sources */,
				4D0CE61E2295232A0002B533 /* CitiesData.swift in Sources */,
				4D0CE62222952DAF0002B533 /* DetailsViewController.swift in Sources */,
				4D0CE62622953BE50002B533 /* Weather.swift in Sources */,
			);
			runOnlyForDeploymentPostprocessing = 0;
		};
		4D0CE5F8229522300002B533 /* Sources */ = {
			isa = PBXSourcesBuildPhase;
			buildActionMask = 2147483647;
			files = (
				4D0CE601229522300002B533 /* WeatherAppTests.swift in Sources */,
			);
			runOnlyForDeploymentPostprocessing = 0;
		};
		4D0CE603229522300002B533 /* Sources */ = {
			isa = PBXSourcesBuildPhase;
			buildActionMask = 2147483647;
			files = (
				4D0CE60C229522300002B533 /* WeatherAppUITests.swift in Sources */,
			);
			runOnlyForDeploymentPostprocessing = 0;
		};
/* End PBXSourcesBuildPhase section */

/* Begin PBXTargetDependency section */
		4D0CE5FE229522300002B533 /* PBXTargetDependency */ = {
			isa = PBXTargetDependency;
			target = 4D0CE5E72295222F0002B533 /* WeatherApp */;
			targetProxy = 4D0CE5FD229522300002B533 /* PBXContainerItemProxy */;
		};
		4D0CE609229522300002B533 /* PBXTargetDependency */ = {
			isa = PBXTargetDependency;
			target = 4D0CE5E72295222F0002B533 /* WeatherApp */;
			targetProxy = 4D0CE608229522300002B533 /* PBXContainerItemProxy */;
		};
/* End PBXTargetDependency section */

/* Begin PBXVariantGroup section */
		4D0CE5EF2295222F0002B533 /* Main.storyboard */ = {
			isa = PBXVariantGroup;
			children = (
				4D0CE5F02295222F0002B533 /* Base */,
			);
			name = Main.storyboard;
			sourceTree = "<group>";
		};
		4D0CE5F4229522300002B533 /* LaunchScreen.storyboard */ = {
			isa = PBXVariantGroup;
			children = (
				4D0CE5F5229522300002B533 /* Base */,
			);
			name = LaunchScreen.storyboard;
			sourceTree = "<group>";
		};
/* End PBXVariantGroup section */

/* Begin XCBuildConfiguration section */
		4D0CE60E229522300002B533 /* Debug */ = {
			isa = XCBuildConfiguration;
			buildSettings = {
				ALWAYS_SEARCH_USER_PATHS = NO;
				CLANG_ANALYZER_NONNULL = YES;
				CLANG_ANALYZER_NUMBER_OBJECT_CONVERSION = YES_AGGRESSIVE;
				CLANG_CXX_LANGUAGE_STANDARD = "gnu++14";
				CLANG_CXX_LIBRARY = "libc++";
				CLANG_ENABLE_MODULES = YES;
				CLANG_ENABLE_OBJC_ARC = YES;
				CLANG_ENABLE_OBJC_WEAK = YES;
				CLANG_WARN_BLOCK_CAPTURE_AUTORELEASING = YES;
				CLANG_WARN_BOOL_CONVERSION = YES;
				CLANG_WARN_COMMA = YES;
				CLANG_WARN_CONSTANT_CONVERSION = YES;
				CLANG_WARN_DEPRECATED_OBJC_IMPLEMENTATIONS = YES;
				CLANG_WARN_DIRECT_OBJC_ISA_USAGE = YES_ERROR;
				CLANG_WARN_DOCUMENTATION_COMMENTS = YES;
				CLANG_WARN_EMPTY_BODY = YES;
				CLANG_WARN_ENUM_CONVERSION = YES;
				CLANG_WARN_INFINITE_RECURSION = YES;
				CLANG_WARN_INT_CONVERSION = YES;
				CLANG_WARN_NON_LITERAL_NULL_CONVERSION = YES;
				CLANG_WARN_OBJC_IMPLICIT_RETAIN_SELF = YES;
				CLANG_WARN_OBJC_LITERAL_CONVERSION = YES;
				CLANG_WARN_OBJC_ROOT_CLASS = YES_ERROR;
				CLANG_WARN_RANGE_LOOP_ANALYSIS = YES;
				CLANG_WARN_STRICT_PROTOTYPES = YES;
				CLANG_WARN_SUSPICIOUS_MOVE = YES;
				CLANG_WARN_UNGUARDED_AVAILABILITY = YES_AGGRESSIVE;
				CLANG_WARN_UNREACHABLE_CODE = YES;
				CLANG_WARN__DUPLICATE_METHOD_MATCH = YES;
				CODE_SIGN_IDENTITY = "iPhone Developer";
				COPY_PHASE_STRIP = NO;
				DEBUG_INFORMATION_FORMAT = dwarf;
				ENABLE_STRICT_OBJC_MSGSEND = YES;
				ENABLE_TESTABILITY = YES;
				GCC_C_LANGUAGE_STANDARD = gnu11;
				GCC_DYNAMIC_NO_PIC = NO;
				GCC_NO_COMMON_BLOCKS = YES;
				GCC_OPTIMIZATION_LEVEL = 0;
				GCC_PREPROCESSOR_DEFINITIONS = (
					"DEBUG=1",
					"$(inherited)",
				);
				GCC_WARN_64_TO_32_BIT_CONVERSION = YES;
				GCC_WARN_ABOUT_RETURN_TYPE = YES_ERROR;
				GCC_WARN_UNDECLARED_SELECTOR = YES;
				GCC_WARN_UNINITIALIZED_AUTOS = YES_AGGRESSIVE;
				GCC_WARN_UNUSED_FUNCTION = YES;
				GCC_WARN_UNUSED_VARIABLE = YES;
				IPHONEOS_DEPLOYMENT_TARGET = 12.1;
				MTL_ENABLE_DEBUG_INFO = INCLUDE_SOURCE;
				MTL_FAST_MATH = YES;
				ONLY_ACTIVE_ARCH = YES;
				SDKROOT = iphoneos;
				SWIFT_ACTIVE_COMPILATION_CONDITIONS = DEBUG;
				SWIFT_OPTIMIZATION_LEVEL = "-Onone";
			};
			name = Debug;
		};
		4D0CE60F229522300002B533 /* Release */ = {
			isa = XCBuildConfiguration;
			buildSettings = {
				ALWAYS_SEARCH_USER_PATHS = NO;
				CLANG_ANALYZER_NONNULL = YES;
				CLANG_ANALYZER_NUMBER_OBJECT_CONVERSION = YES_AGGRESSIVE;
				CLANG_CXX_LANGUAGE_STANDARD = "gnu++14";
				CLANG_CXX_LIBRARY = "libc++";
				CLANG_ENABLE_MODULES = YES;
				CLANG_ENABLE_OBJC_ARC = YES;
				CLANG_ENABLE_OBJC_WEAK = YES;
				CLANG_WARN_BLOCK_CAPTURE_AUTORELEASING = YES;
				CLANG_WARN_BOOL_CONVERSION = YES;
				CLANG_WARN_COMMA = YES;
				CLANG_WARN_CONSTANT_CONVERSION = YES;
				CLANG_WARN_DEPRECATED_OBJC_IMPLEMENTATIONS = YES;
				CLANG_WARN_DIRECT_OBJC_ISA_USAGE = YES_ERROR;
				CLANG_WARN_DOCUMENTATION_COMMENTS = YES;
				CLANG_WARN_EMPTY_BODY = YES;
				CLANG_WARN_ENUM_CONVERSION = YES;
				CLANG_WARN_INFINITE_RECURSION = YES;
				CLANG_WARN_INT_CONVERSION = YES;
				CLANG_WARN_NON_LITERAL_NULL_CONVERSION = YES;
				CLANG_WARN_OBJC_IMPLICIT_RETAIN_SELF = YES;
				CLANG_WARN_OBJC_LITERAL_CONVERSION = YES;
				CLANG_WARN_OBJC_ROOT_CLASS = YES_ERROR;
				CLANG_WARN_RANGE_LOOP_ANALYSIS = YES;
				CLANG_WARN_STRICT_PROTOTYPES = YES;
				CLANG_WARN_SUSPICIOUS_MOVE = YES;
				CLANG_WARN_UNGUARDED_AVAILABILITY = YES_AGGRESSIVE;
				CLANG_WARN_UNREACHABLE_CODE = YES;
				CLANG_WARN__DUPLICATE_METHOD_MATCH = YES;
				CODE_SIGN_IDENTITY = "iPhone Developer";
				COPY_PHASE_STRIP = NO;
				DEBUG_INFORMATION_FORMAT = "dwarf-with-dsym";
				ENABLE_NS_ASSERTIONS = NO;
				ENABLE_STRICT_OBJC_MSGSEND = YES;
				GCC_C_LANGUAGE_STANDARD = gnu11;
				GCC_NO_COMMON_BLOCKS = YES;
				GCC_WARN_64_TO_32_BIT_CONVERSION = YES;
				GCC_WARN_ABOUT_RETURN_TYPE = YES_ERROR;
				GCC_WARN_UNDECLARED_SELECTOR = YES;
				GCC_WARN_UNINITIALIZED_AUTOS = YES_AGGRESSIVE;
				GCC_WARN_UNUSED_FUNCTION = YES;
				GCC_WARN_UNUSED_VARIABLE = YES;
				IPHONEOS_DEPLOYMENT_TARGET = 12.1;
				MTL_ENABLE_DEBUG_INFO = NO;
				MTL_FAST_MATH = YES;
				SDKROOT = iphoneos;
				SWIFT_COMPILATION_MODE = wholemodule;
				SWIFT_OPTIMIZATION_LEVEL = "-O";
				VALIDATE_PRODUCT = YES;
			};
			name = Release;
		};
		4D0CE611229522300002B533 /* Debug */ = {
			isa = XCBuildConfiguration;
			baseConfigurationReference = BA327512150465F843A5519D /* Pods-WeatherApp.debug.xcconfig */;
			buildSettings = {
				ASSETCATALOG_COMPILER_APPICON_NAME = AppIcon;
				CODE_SIGN_STYLE = Automatic;
				INFOPLIST_FILE = WeatherApp/Info.plist;
				LD_RUNPATH_SEARCH_PATHS = (
					"$(inherited)",
					"@executable_path/Frameworks",
				);
				PRODUCT_BUNDLE_IDENTIFIER = "-.WeatherApp";
				PRODUCT_NAME = "$(TARGET_NAME)";
				SWIFT_VERSION = 4.2;
				TARGETED_DEVICE_FAMILY = "1,2";
			};
			name = Debug;
		};
		4D0CE612229522300002B533 /* Release */ = {
			isa = XCBuildConfiguration;
			baseConfigurationReference = AC9E2FBC2C7FA0FF7BD59900 /* Pods-WeatherApp.release.xcconfig */;
			buildSettings = {
				ASSETCATALOG_COMPILER_APPICON_NAME = AppIcon;
				CODE_SIGN_STYLE = Automatic;
				INFOPLIST_FILE = WeatherApp/Info.plist;
				LD_RUNPATH_SEARCH_PATHS = (
					"$(inherited)",
					"@executable_path/Frameworks",
				);
				PRODUCT_BUNDLE_IDENTIFIER = "-.WeatherApp";
				PRODUCT_NAME = "$(TARGET_NAME)";
				SWIFT_VERSION = 4.2;
				TARGETED_DEVICE_FAMILY = "1,2";
			};
			name = Release;
		};
		4D0CE614229522300002B533 /* Debug */ = {
			isa = XCBuildConfiguration;
			baseConfigurationReference = A914A066204C99B2BC9EBCB5 /* Pods-WeatherAppTests.debug.xcconfig */;
			buildSettings = {
				ALWAYS_EMBED_SWIFT_STANDARD_LIBRARIES = YES;
				BUNDLE_LOADER = "$(TEST_HOST)";
				CODE_SIGN_STYLE = Automatic;
				INFOPLIST_FILE = WeatherAppTests/Info.plist;
				LD_RUNPATH_SEARCH_PATHS = (
					"$(inherited)",
					"@executable_path/Frameworks",
					"@loader_path/Frameworks",
				);
				PRODUCT_BUNDLE_IDENTIFIER = "-.WeatherAppTests";
				PRODUCT_NAME = "$(TARGET_NAME)";
				SWIFT_VERSION = 4.2;
				TARGETED_DEVICE_FAMILY = "1,2";
				TEST_HOST = "$(BUILT_PRODUCTS_DIR)/WeatherApp.app/WeatherApp";
			};
			name = Debug;
		};
		4D0CE615229522300002B533 /* Release */ = {
			isa = XCBuildConfiguration;
			baseConfigurationReference = C8A60AB019F600C8A83EF2FE /* Pods-WeatherAppTests.release.xcconfig */;
			buildSettings = {
				ALWAYS_EMBED_SWIFT_STANDARD_LIBRARIES = YES;
				BUNDLE_LOADER = "$(TEST_HOST)";
				CODE_SIGN_STYLE = Automatic;
				INFOPLIST_FILE = WeatherAppTests/Info.plist;
				LD_RUNPATH_SEARCH_PATHS = (
					"$(inherited)",
					"@executable_path/Frameworks",
					"@loader_path/Frameworks",
				);
				PRODUCT_BUNDLE_IDENTIFIER = "-.WeatherAppTests";
				PRODUCT_NAME = "$(TARGET_NAME)";
				SWIFT_VERSION = 4.2;
				TARGETED_DEVICE_FAMILY = "1,2";
				TEST_HOST = "$(BUILT_PRODUCTS_DIR)/WeatherApp.app/WeatherApp";
			};
			name = Release;
		};
		4D0CE617229522300002B533 /* Debug */ = {
			isa = XCBuildConfiguration;
			baseConfigurationReference = 8E6DA0726925E3E17C6BC8BF /* Pods-WeatherAppUITests.debug.xcconfig */;
			buildSettings = {
				ALWAYS_EMBED_SWIFT_STANDARD_LIBRARIES = YES;
				CODE_SIGN_STYLE = Automatic;
				INFOPLIST_FILE = WeatherAppUITests/Info.plist;
				LD_RUNPATH_SEARCH_PATHS = (
					"$(inherited)",
					"@executable_path/Frameworks",
					"@loader_path/Frameworks",
				);
				PRODUCT_BUNDLE_IDENTIFIER = "-.WeatherAppUITests";
				PRODUCT_NAME = "$(TARGET_NAME)";
				SWIFT_VERSION = 4.2;
				TARGETED_DEVICE_FAMILY = "1,2";
				TEST_TARGET_NAME = WeatherApp;
			};
			name = Debug;
		};
		4D0CE618229522300002B533 /* Release */ = {
			isa = XCBuildConfiguration;
			baseConfigurationReference = 1C3F478C984E307A820DDDB0 /* Pods-WeatherAppUITests.release.xcconfig */;
			buildSettings = {
				ALWAYS_EMBED_SWIFT_STANDARD_LIBRARIES = YES;
				CODE_SIGN_STYLE = Automatic;
				INFOPLIST_FILE = WeatherAppUITests/Info.plist;
				LD_RUNPATH_SEARCH_PATHS = (
					"$(inherited)",
					"@executable_path/Frameworks",
					"@loader_path/Frameworks",
				);
				PRODUCT_BUNDLE_IDENTIFIER = "-.WeatherAppUITests";
				PRODUCT_NAME = "$(TARGET_NAME)";
				SWIFT_VERSION = 4.2;
				TARGETED_DEVICE_FAMILY = "1,2";
				TEST_TARGET_NAME = WeatherApp;
			};
			name = Release;
		};
/* End XCBuildConfiguration section */

/* Begin XCConfigurationList section */
		4D0CE5E32295222F0002B533 /* Build configuration list for PBXProject "WeatherApp" */ = {
			isa = XCConfigurationList;
			buildConfigurations = (
				4D0CE60E229522300002B533 /* Debug */,
				4D0CE60F229522300002B533 /* Release */,
			);
			defaultConfigurationIsVisible = 0;
			defaultConfigurationName = Release;
		};
		4D0CE610229522300002B533 /* Build configuration list for PBXNativeTarget "WeatherApp" */ = {
			isa = XCConfigurationList;
			buildConfigurations = (
				4D0CE611229522300002B533 /* Debug */,
				4D0CE612229522300002B533 /* Release */,
			);
			defaultConfigurationIsVisible = 0;
			defaultConfigurationName = Release;
		};
		4D0CE613229522300002B533 /* Build configuration list for PBXNativeTarget "WeatherAppTests" */ = {
			isa = XCConfigurationList;
			buildConfigurations = (
				4D0CE614229522300002B533 /* Debug */,
				4D0CE615229522300002B533 /* Release */,
			);
			defaultConfigurationIsVisible = 0;
			defaultConfigurationName = Release;
		};
		4D0CE616229522300002B533 /* Build configuration list for PBXNativeTarget "WeatherAppUITests" */ = {
			isa = XCConfigurationList;
			buildConfigurations = (
				4D0CE617229522300002B533 /* Debug */,
				4D0CE618229522300002B533 /* Release */,
			);
			defaultConfigurationIsVisible = 0;
			defaultConfigurationName = Release;
		};
/* End XCConfigurationList section */
	};
	rootObject = 4D0CE5E02295222F0002B533 /* Project object */;
}
